
Microsoft Visual Studio Solution File, Format Version 12.00
# Visual Studio Version 17
VisualStudioVersion = 17.2.32630.192
MinimumVisualStudioVersion = 10.0.40219.1
Project("{FAE04EC0-301F-11D3-BF4B-00C04F79EFBC}") = "Dorfwaerme.Server", "Dorfwaerme\Server\Dorfwaerme.Server.csproj", "{A38B3C38-BFC6-42EB-A3F1-4A9D82143542}"
EndProject
Project("{FAE04EC0-301F-11D3-BF4B-00C04F79EFBC}") = "Dorfwaerme.Client", "Dorfwaerme\Client\Dorfwaerme.Client.csproj", "{567F4CB2-60B4-4782-9981-1359DBA4D582}"
EndProject
Project("{FAE04EC0-301F-11D3-BF4B-00C04F79EFBC}") = "Dorfwaerme.Shared", "Dorfwaerme\Shared\Dorfwaerme.Shared.csproj", "{26042EC4-9061-45E0-A8CE-77DF14CEBE05}"
EndProject
Global
	GlobalSection(SolutionConfigurationPlatforms) = preSolution
		Debug|Any CPU = Debug|Any CPU
		Release|Any CPU = Release|Any CPU
	EndGlobalSection
	GlobalSection(ProjectConfigurationPlatforms) = postSolution
		{A38B3C38-BFC6-42EB-A3F1-4A9D82143542}.Debug|Any CPU.ActiveCfg = Debug|Any CPU
		{A38B3C38-BFC6-42EB-A3F1-4A9D82143542}.Debug|Any CPU.Build.0 = Debug|Any CPU
		{A38B3C38-BFC6-42EB-A3F1-4A9D82143542}.Release|Any CPU.ActiveCfg = Release|Any CPU
		{A38B3C38-BFC6-42EB-A3F1-4A9D82143542}.Release|Any CPU.Build.0 = Release|Any CPU
		{567F4CB2-60B4-4782-9981-1359DBA4D582}.Debug|Any CPU.ActiveCfg = Debug|Any CPU
		{567F4CB2-60B4-4782-9981-1359DBA4D582}.Debug|Any CPU.Build.0 = Debug|Any CPU
		{567F4CB2-60B4-4782-9981-1359DBA4D582}.Release|Any CPU.ActiveCfg = Release|Any CPU
		{567F4CB2-60B4-4782-9981-1359DBA4D582}.Release|Any CPU.Build.0 = Release|Any CPU
		{26042EC4-9061-45E0-A8CE-77DF14CEBE05}.Debug|Any CPU.ActiveCfg = Debug|Any CPU
		{26042EC4-9061-45E0-A8CE-77DF14CEBE05}.Debug|Any CPU.Build.0 = Debug|Any CPU
		{26042EC4-9061-45E0-A8CE-77DF14CEBE05}.Release|Any CPU.ActiveCfg = Release|Any CPU
		{26042EC4-9061-45E0-A8CE-77DF14CEBE05}.Release|Any CPU.Build.0 = Release|Any CPU
	EndGlobalSection
	GlobalSection(SolutionProperties) = preSolution
		HideSolutionNode = FALSE
	EndGlobalSection
	GlobalSection(ExtensibilityGlobals) = postSolution
		SolutionGuid = {9F3AAF69-A012-4635-9852-FF776E7BC54D}
	EndGlobalSection
EndGlobal
